
Microsoft Visual Studio Solution File, Format Version 12.00
# Visual Studio Version 17
VisualStudioVersion = 17.2.32616.157
MinimumVisualStudioVersion = 10.0.40219.1
Project("{FAE04EC0-301F-11D3-BF4B-00C04F79EFBC}") = "theme thingy", "theme thingy\theme thingy.csproj", "{807A18BD-7B4C-4CC3-8EF1-5BCCFF09A51B}"
EndProject
Global
	GlobalSection(SolutionConfigurationPlatforms) = preSolution
		Debug|Any CPU = Debug|Any CPU
		Release|Any CPU = Release|Any CPU
	EndGlobalSection
	GlobalSection(ProjectConfigurationPlatforms) = postSolution
		{807A18BD-7B4C-4CC3-8EF1-5BCCFF09A51B}.Debug|Any CPU.ActiveCfg = Debug|Any CPU
		{807A18BD-7B4C-4CC3-8EF1-5BCCFF09A51B}.Debug|Any CPU.Build.0 = Debug|Any CPU
		{807A18BD-7B4C-4CC3-8EF1-5BCCFF09A51B}.Release|Any CPU.ActiveCfg = Release|Any CPU
		{807A18BD-7B4C-4CC3-8EF1-5BCCFF09A51B}.Release|Any CPU.Build.0 = Release|Any CPU
	EndGlobalSection
	GlobalSection(SolutionProperties) = preSolution
		HideSolutionNode = FALSE
	EndGlobalSection
	GlobalSection(ExtensibilityGlobals) = postSolution
		SolutionGuid = {1022EE58-7D5D-4A4B-8CBD-8C70D038D1DB}
	EndGlobalSection
EndGlobal
